
Microsoft Visual Studio Solution File, Format Version 12.00
# Visual Studio Version 17
VisualStudioVersion = 17.0.31919.166
MinimumVisualStudioVersion = 10.0.40219.1
Project("{FAE04EC0-301F-11D3-BF4B-00C04F79EFBC}") = "proje2", "proje2\proje2.csproj", "{119072C3-7373-4D9F-AF21-DA114DD7C564}"
EndProject
Global
	GlobalSection(SolutionConfigurationPlatforms) = preSolution
		Debug|Any CPU = Debug|Any CPU
		Release|Any CPU = Release|Any CPU
	EndGlobalSection
	GlobalSection(ProjectConfigurationPlatforms) = postSolution
		{119072C3-7373-4D9F-AF21-DA114DD7C564}.Debug|Any CPU.ActiveCfg = Debug|Any CPU
		{119072C3-7373-4D9F-AF21-DA114DD7C564}.Debug|Any CPU.Build.0 = Debug|Any CPU
		{119072C3-7373-4D9F-AF21-DA114DD7C564}.Release|Any CPU.ActiveCfg = Release|Any CPU
		{119072C3-7373-4D9F-AF21-DA114DD7C564}.Release|Any CPU.Build.0 = Release|Any CPU
	EndGlobalSection
	GlobalSection(SolutionProperties) = preSolution
		HideSolutionNode = FALSE
	EndGlobalSection
	GlobalSection(ExtensibilityGlobals) = postSolution
		SolutionGuid = {45B392DD-5FE8-4726-80A3-9176DC7AD590}
	EndGlobalSection
EndGlobal
